{
  "originHash" : "b4f89034d4868a0cbb07581c745f98448b77847291ca352f9bccb015fd8caf37",
  "pins" : [
    {
      "identity" : "launchatlogin-modern",
      "kind" : "remoteSourceControl",
      "location" : "https://github.com/sindresorhus/LaunchAtLogin-Modern",
      "state" : {
        "branch" : "main",
        "revision" : "a04ec1c363be3627734f6dad757d82f5d4fa8fcc"
      }
    },
    {
      "identity" : "macrovisionkit",
      "kind" : "remoteSourceControl",
      "location" : "https://github.com/TheBoredTeam/MacroVisionKit",
      "state" : {
        "revision" : "da481a6be8d8b1bf7fcb218507a72428bbcae7b0",
        "version" : "0.2.0"
      }
    }
  ],
  "version" : 3
}
